# This file is generated by running "yarn install" inside your project.
# Manual changes might be lost - proceed with caution!

__metadata:
  version: 8
  cacheKey: 10c0

"@esbuild/aix-ppc64@npm:0.24.2":
  version: 0.24.2
  resolution: "@esbuild/aix-ppc64@npm:0.24.2"
  conditions: os=aix & cpu=ppc64
  languageName: node
  linkType: hard

"@esbuild/android-arm64@npm:0.17.19":
  version: 0.17.19
  resolution: "@esbuild/android-arm64@npm:0.17.19"
  conditions: os=android & cpu=arm64
  languageName: node
  linkType: hard

"@esbuild/android-arm64@npm:0.24.2":
  version: 0.24.2
  resolution: "@esbuild/android-arm64@npm:0.24.2"
  conditions: os=android & cpu=arm64
  languageName: node
  linkType: hard

"@esbuild/android-arm@npm:0.17.19":
  version: 0.17.19
  resolution: "@esbuild/android-arm@npm:0.17.19"
  conditions: os=android & cpu=arm
  languageName: node
  linkType: hard

"@esbuild/android-arm@npm:0.24.2":
  version: 0.24.2
  resolution: "@esbuild/android-arm@npm:0.24.2"
  conditions: os=android & cpu=arm
  languageName: node
  linkType: hard

"@esbuild/android-x64@npm:0.17.19":
  version: 0.17.19
  resolution: "@esbuild/android-x64@npm:0.17.19"
  conditions: os=android & cpu=x64
  languageName: node
  linkType: hard

"@esbuild/android-x64@npm:0.24.2":
  version: 0.24.2
  resolution: "@esbuild/android-x64@npm:0.24.2"
  conditions: os=android & cpu=x64
  languageName: node
  linkType: hard

"@esbuild/darwin-arm64@npm:0.17.19":
  version: 0.17.19
  resolution: "@esbuild/darwin-arm64@npm:0.17.19"
  conditions: os=darwin & cpu=arm64
  languageName: node
  linkType: hard

"@esbuild/darwin-arm64@npm:0.24.2":
  version: 0.24.2
  resolution: "@esbuild/darwin-arm64@npm:0.24.2"
  conditions: os=darwin & cpu=arm64
  languageName: node
  linkType: hard

"@esbuild/darwin-x64@npm:0.17.19":
  version: 0.17.19
  resolution: "@esbuild/darwin-x64@npm:0.17.19"
  conditions: os=darwin & cpu=x64
  languageName: node
  linkType: hard

"@esbuild/darwin-x64@npm:0.24.2":
  version: 0.24.2
  resolution: "@esbuild/darwin-x64@npm:0.24.2"
  conditions: os=darwin & cpu=x64
  languageName: node
  linkType: hard

"@esbuild/freebsd-arm64@npm:0.17.19":
  version: 0.17.19
  resolution: "@esbuild/freebsd-arm64@npm:0.17.19"
  conditions: os=freebsd & cpu=arm64
  languageName: node
  linkType: hard

"@esbuild/freebsd-arm64@npm:0.24.2":
  version: 0.24.2
  resolution: "@esbuild/freebsd-arm64@npm:0.24.2"
  conditions: os=freebsd & cpu=arm64
  languageName: node
  linkType: hard

"@esbuild/freebsd-x64@npm:0.17.19":
  version: 0.17.19
  resolution: "@esbuild/freebsd-x64@npm:0.17.19"
  conditions: os=freebsd & cpu=x64
  languageName: node
  linkType: hard

"@esbuild/freebsd-x64@npm:0.24.2":
  version: 0.24.2
  resolution: "@esbuild/freebsd-x64@npm:0.24.2"
  conditions: os=freebsd & cpu=x64
  languageName: node
  linkType: hard

"@esbuild/linux-arm64@npm:0.17.19":
  version: 0.17.19
  resolution: "@esbuild/linux-arm64@npm:0.17.19"
  conditions: os=linux & cpu=arm64
  languageName: node
  linkType: hard

"@esbuild/linux-arm64@npm:0.24.2":
  version: 0.24.2
  resolution: "@esbuild/linux-arm64@npm:0.24.2"
  conditions: os=linux & cpu=arm64
  languageName: node
  linkType: hard

"@esbuild/linux-arm@npm:0.17.19":
  version: 0.17.19
  resolution: "@esbuild/linux-arm@npm:0.17.19"
  conditions: os=linux & cpu=arm
  languageName: node
  linkType: hard

"@esbuild/linux-arm@npm:0.24.2":
  version: 0.24.2
  resolution: "@esbuild/linux-arm@npm:0.24.2"
  conditions: os=linux & cpu=arm
  languageName: node
  linkType: hard

"@esbuild/linux-ia32@npm:0.17.19":
  version: 0.17.19
  resolution: "@esbuild/linux-ia32@npm:0.17.19"
  conditions: os=linux & cpu=ia32
  languageName: node
  linkType: hard

"@esbuild/linux-ia32@npm:0.24.2":
  version: 0.24.2
  resolution: "@esbuild/linux-ia32@npm:0.24.2"
  conditions: os=linux & cpu=ia32
  languageName: node
  linkType: hard

"@esbuild/linux-loong64@npm:0.17.19":
  version: 0.17.19
  resolution: "@esbuild/linux-loong64@npm:0.17.19"
  conditions: os=linux & cpu=loong64
  languageName: node
  linkType: hard

"@esbuild/linux-loong64@npm:0.24.2":
  version: 0.24.2
  resolution: "@esbuild/linux-loong64@npm:0.24.2"
  conditions: os=linux & cpu=loong64
  languageName: node
  linkType: hard

"@esbuild/linux-mips64el@npm:0.17.19":
  version: 0.17.19
  resolution: "@esbuild/linux-mips64el@npm:0.17.19"
  conditions: os=linux & cpu=mips64el
  languageName: node
  linkType: hard

"@esbuild/linux-mips64el@npm:0.24.2":
  version: 0.24.2
  resolution: "@esbuild/linux-mips64el@npm:0.24.2"
  conditions: os=linux & cpu=mips64el
  languageName: node
  linkType: hard

"@esbuild/linux-ppc64@npm:0.17.19":
  version: 0.17.19
  resolution: "@esbuild/linux-ppc64@npm:0.17.19"
  conditions: os=linux & cpu=ppc64
  languageName: node
  linkType: hard

"@esbuild/linux-ppc64@npm:0.24.2":
  version: 0.24.2
  resolution: "@esbuild/linux-ppc64@npm:0.24.2"
  conditions: os=linux & cpu=ppc64
  languageName: node
  linkType: hard

"@esbuild/linux-riscv64@npm:0.17.19":
  version: 0.17.19
  resolution: "@esbuild/linux-riscv64@npm:0.17.19"
  conditions: os=linux & cpu=riscv64
  languageName: node
  linkType: hard

"@esbuild/linux-riscv64@npm:0.24.2":
  version: 0.24.2
  resolution: "@esbuild/linux-riscv64@npm:0.24.2"
  conditions: os=linux & cpu=riscv64
  languageName: node
  linkType: hard

"@esbuild/linux-s390x@npm:0.17.19":
  version: 0.17.19
  resolution: "@esbuild/linux-s390x@npm:0.17.19"
  conditions: os=linux & cpu=s390x
  languageName: node
  linkType: hard

"@esbuild/linux-s390x@npm:0.24.2":
  version: 0.24.2
  resolution: "@esbuild/linux-s390x@npm:0.24.2"
  conditions: os=linux & cpu=s390x
  languageName: node
  linkType: hard

"@esbuild/linux-x64@npm:0.17.19":
  version: 0.17.19
  resolution: "@esbuild/linux-x64@npm:0.17.19"
  conditions: os=linux & cpu=x64
  languageName: node
  linkType: hard

"@esbuild/linux-x64@npm:0.24.2":
  version: 0.24.2
  resolution: "@esbuild/linux-x64@npm:0.24.2"
  conditions: os=linux & cpu=x64
  languageName: node
  linkType: hard

"@esbuild/netbsd-arm64@npm:0.24.2":
  version: 0.24.2
  resolution: "@esbuild/netbsd-arm64@npm:0.24.2"
  conditions: os=netbsd & cpu=arm64
  languageName: node
  linkType: hard

"@esbuild/netbsd-x64@npm:0.17.19":
  version: 0.17.19
  resolution: "@esbuild/netbsd-x64@npm:0.17.19"
  conditions: os=netbsd & cpu=x64
  languageName: node
  linkType: hard

"@esbuild/netbsd-x64@npm:0.24.2":
  version: 0.24.2
  resolution: "@esbuild/netbsd-x64@npm:0.24.2"
  conditions: os=netbsd & cpu=x64
  languageName: node
  linkType: hard

"@esbuild/openbsd-arm64@npm:0.24.2":
  version: 0.24.2
  resolution: "@esbuild/openbsd-arm64@npm:0.24.2"
  conditions: os=openbsd & cpu=arm64
  languageName: node
  linkType: hard

"@esbuild/openbsd-x64@npm:0.17.19":
  version: 0.17.19
  resolution: "@esbuild/openbsd-x64@npm:0.17.19"
  conditions: os=openbsd & cpu=x64
  languageName: node
  linkType: hard

"@esbuild/openbsd-x64@npm:0.24.2":
  version: 0.24.2
  resolution: "@esbuild/openbsd-x64@npm:0.24.2"
  conditions: os=openbsd & cpu=x64
  languageName: node
  linkType: hard

"@esbuild/sunos-x64@npm:0.17.19":
  version: 0.17.19
  resolution: "@esbuild/sunos-x64@npm:0.17.19"
  conditions: os=sunos & cpu=x64
  languageName: node
  linkType: hard

"@esbuild/sunos-x64@npm:0.24.2":
  version: 0.24.2
  resolution: "@esbuild/sunos-x64@npm:0.24.2"
  conditions: os=sunos & cpu=x64
  languageName: node
  linkType: hard

"@esbuild/win32-arm64@npm:0.17.19":
  version: 0.17.19
  resolution: "@esbuild/win32-arm64@npm:0.17.19"
  conditions: os=win32 & cpu=arm64
  languageName: node
  linkType: hard

"@esbuild/win32-arm64@npm:0.24.2":
  version: 0.24.2
  resolution: "@esbuild/win32-arm64@npm:0.24.2"
  conditions: os=win32 & cpu=arm64
  languageName: node
  linkType: hard

"@esbuild/win32-ia32@npm:0.17.19":
  version: 0.17.19
  resolution: "@esbuild/win32-ia32@npm:0.17.19"
  conditions: os=win32 & cpu=ia32
  languageName: node
  linkType: hard

"@esbuild/win32-ia32@npm:0.24.2":
  version: 0.24.2
  resolution: "@esbuild/win32-ia32@npm:0.24.2"
  conditions: os=win32 & cpu=ia32
  languageName: node
  linkType: hard

"@esbuild/win32-x64@npm:0.17.19":
  version: 0.17.19
  resolution: "@esbuild/win32-x64@npm:0.17.19"
  conditions: os=win32 & cpu=x64
  languageName: node
  linkType: hard

"@esbuild/win32-x64@npm:0.24.2":
  version: 0.24.2
  resolution: "@esbuild/win32-x64@npm:0.24.2"
  conditions: os=win32 & cpu=x64
  languageName: node
  linkType: hard

"@hotwired/stimulus@npm:^3.2.2":
  version: 3.2.2
  resolution: "@hotwired/stimulus@npm:3.2.2"
  checksum: 10c0/3793919e353d28424f57d07e6b634bf6e8821c227acfa2a608aaa8bdfe7e80479acef12705168ca866f3c231399f4a939fb0cd089aaae04c406b3d885a3b35ea
  languageName: node
  linkType: hard

"@hotwired/turbo-rails@npm:^8.0.12":
  version: 8.0.12
  resolution: "@hotwired/turbo-rails@npm:8.0.12"
  dependencies:
    "@hotwired/turbo": "npm:^8.0.12"
    "@rails/actioncable": "npm:^7.0"
  checksum: 10c0/9a1bb2356edaed85a96c23f057468aa744f1f61339df60cb3db536fc2da64ade9d3cf2ad2524c656eb162908f77d9c0273b0dcdde0a65b812fb9f6d4def6ebb5
  languageName: node
  linkType: hard

"@hotwired/turbo@npm:^8.0.12":
  version: 8.0.12
  resolution: "@hotwired/turbo@npm:8.0.12"
  checksum: 10c0/59fb5f87620a8819968fa54797d672bd59694dc5813bac6070cab204c6845fde50b36c308f6478e187665fd0550c63e674b8d55b9bb92951e56c9159783b5bf3
  languageName: node
  linkType: hard

"@rails/actioncable@npm:^7.0":
  version: 7.2.201
  resolution: "@rails/actioncable@npm:7.2.201"
  checksum: 10c0/65463467f1473f810273432b85a272798c8fbe6c8a200be4f8ecbced152deac7bc3f159cd3db7ce7ab05b34cce25582d384cf51f0028c3c2baf303186e0f24f5
  languageName: node
  linkType: hard

"autoprefixer@npm:^10.4.20":
  version: 10.4.20
  resolution: "autoprefixer@npm:10.4.20"
  dependencies:
    browserslist: "npm:^4.23.3"
    caniuse-lite: "npm:^1.0.30001646"
    fraction.js: "npm:^4.3.7"
    normalize-range: "npm:^0.1.2"
    picocolors: "npm:^1.0.1"
    postcss-value-parser: "npm:^4.2.0"
  peerDependencies:
    postcss: ^8.1.0
  bin:
    autoprefixer: bin/autoprefixer
  checksum: 10c0/e1f00978a26e7c5b54ab12036d8c13833fad7222828fc90914771b1263f51b28c7ddb5803049de4e77696cbd02bb25cfc3634e80533025bb26c26aacdf938940
  languageName: node
  linkType: hard

"browserslist@npm:^4.23.3":
  version: 4.24.4
  resolution: "browserslist@npm:4.24.4"
  dependencies:
    caniuse-lite: "npm:^1.0.30001688"
    electron-to-chromium: "npm:^1.5.73"
    node-releases: "npm:^2.0.19"
    update-browserslist-db: "npm:^1.1.1"
  bin:
    browserslist: cli.js
  checksum: 10c0/db7ebc1733cf471e0b490b4f47e3e2ea2947ce417192c9246644e92c667dd56a71406cc58f62ca7587caf828364892e9952904a02b7aead752bc65b62a37cfe9
  languageName: node
  linkType: hard

"caniuse-lite@npm:^1.0.30001646, caniuse-lite@npm:^1.0.30001688":
  version: 1.0.30001699
  resolution: "caniuse-lite@npm:1.0.30001699"
  checksum: 10c0/e87b3a0602c3124131f6a21f1eb262378e17a2ee3089e3c472ac8b9caa85cf7d6a219655379302c29c6f10a74051f2a712639d7f98ee0444c73fefcbaf25d519
  languageName: node
  linkType: hard

"copy-anything@npm:^2.0.1":
  version: 2.0.6
  resolution: "copy-anything@npm:2.0.6"
  dependencies:
    is-what: "npm:^3.14.1"
  checksum: 10c0/2702998a8cc015f9917385b7f16b0d85f1f6e5e2fd34d99f14df584838f492f49aa0c390d973684c687e895c5c58d08b308a0400ac3e1e3d6fa1e5884a5402ad
  languageName: node
  linkType: hard

"cssesc@npm:^3.0.0":
  version: 3.0.0
  resolution: "cssesc@npm:3.0.0"
  bin:
    cssesc: bin/cssesc
  checksum: 10c0/6bcfd898662671be15ae7827120472c5667afb3d7429f1f917737f3bf84c4176003228131b643ae74543f17a394446247df090c597bb9a728cce298606ed0aa7
  languageName: node
  linkType: hard

"electron-to-chromium@npm:^1.5.73":
  version: 1.5.97
  resolution: "electron-to-chromium@npm:1.5.97"
  checksum: 10c0/79080e3fea02158d2a05c881d84711d940817782179f08911f42ad10569832f402e7a612024ebf8c195439f713a4d913689b713f06f010f4cadccf9cf63cd3ad
  languageName: node
  linkType: hard

"errno@npm:^0.1.1":
  version: 0.1.8
  resolution: "errno@npm:0.1.8"
  dependencies:
    prr: "npm:~1.0.1"
  bin:
    errno: cli.js
  checksum: 10c0/83758951967ec57bf00b5f5b7dc797e6d65a6171e57ea57adcf1bd1a0b477fd9b5b35fae5be1ff18f4090ed156bce1db749fe7e317aac19d485a5d150f6a4936
  languageName: node
  linkType: hard

"esbuild-plugin-postcss@npm:^0.2.1":
  version: 0.2.1
  resolution: "esbuild-plugin-postcss@npm:0.2.1"
  dependencies:
    esbuild: "npm:^0.17.16"
    less: "npm:^4.1.3"
    postcss: "npm:^8.4.14"
    postcss-modules: "npm:^4.3.1"
  checksum: 10c0/61bcf021cacd841f725878b0578b8b1d4e47d5265bc5a1be8c56eb25f2080505e574c8d8fae0598430bceedc6e0ef02f8d676ad849d0cc612c2210b6c73d4ba3
  languageName: node
  linkType: hard

"esbuild@npm:^0.17.16":
  version: 0.17.19
  resolution: "esbuild@npm:0.17.19"
  dependencies:
    "@esbuild/android-arm": "npm:0.17.19"
    "@esbuild/android-arm64": "npm:0.17.19"
    "@esbuild/android-x64": "npm:0.17.19"
    "@esbuild/darwin-arm64": "npm:0.17.19"
    "@esbuild/darwin-x64": "npm:0.17.19"
    "@esbuild/freebsd-arm64": "npm:0.17.19"
    "@esbuild/freebsd-x64": "npm:0.17.19"
    "@esbuild/linux-arm": "npm:0.17.19"
    "@esbuild/linux-arm64": "npm:0.17.19"
    "@esbuild/linux-ia32": "npm:0.17.19"
    "@esbuild/linux-loong64": "npm:0.17.19"
    "@esbuild/linux-mips64el": "npm:0.17.19"
    "@esbuild/linux-ppc64": "npm:0.17.19"
    "@esbuild/linux-riscv64": "npm:0.17.19"
    "@esbuild/linux-s390x": "npm:0.17.19"
    "@esbuild/linux-x64": "npm:0.17.19"
    "@esbuild/netbsd-x64": "npm:0.17.19"
    "@esbuild/openbsd-x64": "npm:0.17.19"
    "@esbuild/sunos-x64": "npm:0.17.19"
    "@esbuild/win32-arm64": "npm:0.17.19"
    "@esbuild/win32-ia32": "npm:0.17.19"
    "@esbuild/win32-x64": "npm:0.17.19"
  dependenciesMeta:
    "@esbuild/android-arm":
      optional: true
    "@esbuild/android-arm64":
      optional: true
    "@esbuild/android-x64":
      optional: true
    "@esbuild/darwin-arm64":
      optional: true
    "@esbuild/darwin-x64":
      optional: true
    "@esbuild/freebsd-arm64":
      optional: true
    "@esbuild/freebsd-x64":
      optional: true
    "@esbuild/linux-arm":
      optional: true
    "@esbuild/linux-arm64":
      optional: true
    "@esbuild/linux-ia32":
      optional: true
    "@esbuild/linux-loong64":
      optional: true
    "@esbuild/linux-mips64el":
      optional: true
    "@esbuild/linux-ppc64":
      optional: true
    "@esbuild/linux-riscv64":
      optional: true
    "@esbuild/linux-s390x":
      optional: true
    "@esbuild/linux-x64":
      optional: true
    "@esbuild/netbsd-x64":
      optional: true
    "@esbuild/openbsd-x64":
      optional: true
    "@esbuild/sunos-x64":
      optional: true
    "@esbuild/win32-arm64":
      optional: true
    "@esbuild/win32-ia32":
      optional: true
    "@esbuild/win32-x64":
      optional: true
  bin:
    esbuild: bin/esbuild
  checksum: 10c0/c7ac14bfaaebe4745d5d18347b4f6854fd1140acb9389e88dbfa5c20d4e2122451d9647d5498920470a880a605d6e5502b5c2102da6c282b01f129ddd49d2874
  languageName: node
  linkType: hard

"esbuild@npm:^0.24.2":
  version: 0.24.2
  resolution: "esbuild@npm:0.24.2"
  dependencies:
    "@esbuild/aix-ppc64": "npm:0.24.2"
    "@esbuild/android-arm": "npm:0.24.2"
    "@esbuild/android-arm64": "npm:0.24.2"
    "@esbuild/android-x64": "npm:0.24.2"
    "@esbuild/darwin-arm64": "npm:0.24.2"
    "@esbuild/darwin-x64": "npm:0.24.2"
    "@esbuild/freebsd-arm64": "npm:0.24.2"
    "@esbuild/freebsd-x64": "npm:0.24.2"
    "@esbuild/linux-arm": "npm:0.24.2"
    "@esbuild/linux-arm64": "npm:0.24.2"
    "@esbuild/linux-ia32": "npm:0.24.2"
    "@esbuild/linux-loong64": "npm:0.24.2"
    "@esbuild/linux-mips64el": "npm:0.24.2"
    "@esbuild/linux-ppc64": "npm:0.24.2"
    "@esbuild/linux-riscv64": "npm:0.24.2"
    "@esbuild/linux-s390x": "npm:0.24.2"
    "@esbuild/linux-x64": "npm:0.24.2"
    "@esbuild/netbsd-arm64": "npm:0.24.2"
    "@esbuild/netbsd-x64": "npm:0.24.2"
    "@esbuild/openbsd-arm64": "npm:0.24.2"
    "@esbuild/openbsd-x64": "npm:0.24.2"
    "@esbuild/sunos-x64": "npm:0.24.2"
    "@esbuild/win32-arm64": "npm:0.24.2"
    "@esbuild/win32-ia32": "npm:0.24.2"
    "@esbuild/win32-x64": "npm:0.24.2"
  dependenciesMeta:
    "@esbuild/aix-ppc64":
      optional: true
    "@esbuild/android-arm":
      optional: true
    "@esbuild/android-arm64":
      optional: true
    "@esbuild/android-x64":
      optional: true
    "@esbuild/darwin-arm64":
      optional: true
    "@esbuild/darwin-x64":
      optional: true
    "@esbuild/freebsd-arm64":
      optional: true
    "@esbuild/freebsd-x64":
      optional: true
    "@esbuild/linux-arm":
      optional: true
    "@esbuild/linux-arm64":
      optional: true
    "@esbuild/linux-ia32":
      optional: true
    "@esbuild/linux-loong64":
      optional: true
    "@esbuild/linux-mips64el":
      optional: true
    "@esbuild/linux-ppc64":
      optional: true
    "@esbuild/linux-riscv64":
      optional: true
    "@esbuild/linux-s390x":
      optional: true
    "@esbuild/linux-x64":
      optional: true
    "@esbuild/netbsd-arm64":
      optional: true
    "@esbuild/netbsd-x64":
      optional: true
    "@esbuild/openbsd-arm64":
      optional: true
    "@esbuild/openbsd-x64":
      optional: true
    "@esbuild/sunos-x64":
      optional: true
    "@esbuild/win32-arm64":
      optional: true
    "@esbuild/win32-ia32":
      optional: true
    "@esbuild/win32-x64":
      optional: true
  bin:
    esbuild: bin/esbuild
  checksum: 10c0/5a25bb08b6ba23db6e66851828d848bd3ff87c005a48c02d83e38879058929878a6baa5a414e1141faee0d1dece3f32b5fbc2a87b82ed6a7aa857cf40359aeb5
  languageName: node
  linkType: hard

"escalade@npm:^3.2.0":
  version: 3.2.0
  resolution: "escalade@npm:3.2.0"
  checksum: 10c0/ced4dd3a78e15897ed3be74e635110bbf3b08877b0a41be50dcb325ee0e0b5f65fc2d50e9845194d7c4633f327e2e1c6cce00a71b617c5673df0374201d67f65
  languageName: node
  linkType: hard

"fraction.js@npm:^4.3.7":
  version: 4.3.7
  resolution: "fraction.js@npm:4.3.7"
  checksum: 10c0/df291391beea9ab4c263487ffd9d17fed162dbb736982dee1379b2a8cc94e4e24e46ed508c6d278aded9080ba51872f1bc5f3a5fd8d7c74e5f105b508ac28711
  languageName: node
  linkType: hard

"generic-names@npm:^4.0.0":
  version: 4.0.0
  resolution: "generic-names@npm:4.0.0"
  dependencies:
    loader-utils: "npm:^3.2.0"
  checksum: 10c0/4e2be864535fadceed4e803fefc1df7f85447d9479d51e611a8a43a2c96533422b62c8fae84d9eb10cc21ee3de569a8c29d5ba68978ae930cccc9cb43b9a36d1
  languageName: node
  linkType: hard

"graceful-fs@npm:^4.1.2":
  version: 4.2.11
  resolution: "graceful-fs@npm:4.2.11"
  checksum: 10c0/386d011a553e02bc594ac2ca0bd6d9e4c22d7fa8cfbfc448a6d148c59ea881b092db9dbe3547ae4b88e55f1b01f7c4a2ecc53b310c042793e63aa44cf6c257f2
  languageName: node
  linkType: hard

"iconv-lite@npm:^0.6.3":
  version: 0.6.3
  resolution: "iconv-lite@npm:0.6.3"
  dependencies:
    safer-buffer: "npm:>= 2.1.2 < 3.0.0"
  checksum: 10c0/98102bc66b33fcf5ac044099d1257ba0b7ad5e3ccd3221f34dd508ab4070edff183276221684e1e0555b145fce0850c9f7d2b60a9fcac50fbb4ea0d6e845a3b1
  languageName: node
  linkType: hard

"icss-replace-symbols@npm:^1.1.0":
  version: 1.1.0
  resolution: "icss-replace-symbols@npm:1.1.0"
  checksum: 10c0/aaa5b67f82781fccc77bf6df14eaa9177ce3944462ef82b2b9e3b9f17d8fcd90f8851ffd5e6e249ebc5c464bfda07c2eccce2d122274c51c9d5b359b087f7049
  languageName: node
  linkType: hard

"icss-utils@npm:^5.0.0":
  version: 5.1.0
  resolution: "icss-utils@npm:5.1.0"
  peerDependencies:
    postcss: ^8.1.0
  checksum: 10c0/39c92936fabd23169c8611d2b5cc39e39d10b19b0d223352f20a7579f75b39d5f786114a6b8fc62bee8c5fed59ba9e0d38f7219a4db383e324fb3061664b043d
  languageName: node
  linkType: hard

"image-size@npm:~0.5.0":
  version: 0.5.5
  resolution: "image-size@npm:0.5.5"
  bin:
    image-size: bin/image-size.js
  checksum: 10c0/655204163af06732f483a9fe7cce9dff4a29b7b2e88f5c957a5852e8143fa750f5e54b1955a2ca83de99c5220dbd680002d0d4e09140b01433520f4d5a0b1f4c
  languageName: node
  linkType: hard

"is-what@npm:^3.14.1":
  version: 3.14.1
  resolution: "is-what@npm:3.14.1"
  checksum: 10c0/4b770b85454c877b6929a84fd47c318e1f8c2ff70fd72fd625bc3fde8e0c18a6e57345b6e7aa1ee9fbd1c608d27cfe885df473036c5c2e40cd2187250804a2c7
  languageName: node
  linkType: hard

"less@npm:^4.1.3":
  version: 4.2.2
  resolution: "less@npm:4.2.2"
  dependencies:
    copy-anything: "npm:^2.0.1"
    errno: "npm:^0.1.1"
    graceful-fs: "npm:^4.1.2"
    image-size: "npm:~0.5.0"
    make-dir: "npm:^2.1.0"
    mime: "npm:^1.4.1"
    needle: "npm:^3.1.0"
    parse-node-version: "npm:^1.0.1"
    source-map: "npm:~0.6.0"
    tslib: "npm:^2.3.0"
  dependenciesMeta:
    errno:
      optional: true
    graceful-fs:
      optional: true
    image-size:
      optional: true
    make-dir:
      optional: true
    mime:
      optional: true
    needle:
      optional: true
    source-map:
      optional: true
  bin:
    lessc: bin/lessc
  checksum: 10c0/d472c203a41fb3722a9bf5677f5348e59d8b6589bf2e3933a77c305b42b2ebbe1e3accf145f05b6d2415ba1dad08add7803646947bf867eec7a2a279d758d99a
  languageName: node
  linkType: hard

"loader-utils@npm:^3.2.0":
  version: 3.3.1
  resolution: "loader-utils@npm:3.3.1"
  checksum: 10c0/f2af4eb185ac5bf7e56e1337b666f90744e9f443861ac521b48f093fb9e8347f191c8960b4388a3365147d218913bc23421234e7788db69f385bacfefa0b4758
  languageName: node
  linkType: hard

"lodash.camelcase@npm:^4.3.0":
  version: 4.3.0
  resolution: "lodash.camelcase@npm:4.3.0"
  checksum: 10c0/fcba15d21a458076dd309fce6b1b4bf611d84a0ec252cb92447c948c533ac250b95d2e00955801ebc367e5af5ed288b996d75d37d2035260a937008e14eaf432
  languageName: node
  linkType: hard

"make-dir@npm:^2.1.0":
  version: 2.1.0
  resolution: "make-dir@npm:2.1.0"
  dependencies:
    pify: "npm:^4.0.1"
    semver: "npm:^5.6.0"
  checksum: 10c0/ada869944d866229819735bee5548944caef560d7a8536ecbc6536edca28c72add47cc4f6fc39c54fb25d06b58da1f8994cf7d9df7dadea047064749efc085d8
  languageName: node
  linkType: hard

"mime@npm:^1.4.1":
  version: 1.6.0
  resolution: "mime@npm:1.6.0"
  bin:
    mime: cli.js
  checksum: 10c0/b92cd0adc44888c7135a185bfd0dddc42c32606401c72896a842ae15da71eb88858f17669af41e498b463cd7eb998f7b48939a25b08374c7924a9c8a6f8a81b0
  languageName: node
  linkType: hard

"nanoid@npm:^3.3.8":
  version: 3.3.8
  resolution: "nanoid@npm:3.3.8"
  bin:
    nanoid: bin/nanoid.cjs
  checksum: 10c0/4b1bb29f6cfebf3be3bc4ad1f1296fb0a10a3043a79f34fbffe75d1621b4318319211cd420549459018ea3592f0d2f159247a6f874911d6d26eaaadda2478120
  languageName: node
  linkType: hard

"needle@npm:^3.1.0":
  version: 3.3.1
  resolution: "needle@npm:3.3.1"
  dependencies:
    iconv-lite: "npm:^0.6.3"
    sax: "npm:^1.2.4"
  bin:
    needle: bin/needle
  checksum: 10c0/233b9315d47b735867d03e7a018fb665ee6cacf3a83b991b19538019cf42b538a3e85ca745c840b4c5e9a0ffdca76472f941363bf7c166214ae8cbc650fd4d39
  languageName: node
  linkType: hard

"node-releases@npm:^2.0.19":
  version: 2.0.19
  resolution: "node-releases@npm:2.0.19"
  checksum: 10c0/52a0dbd25ccf545892670d1551690fe0facb6a471e15f2cfa1b20142a5b255b3aa254af5f59d6ecb69c2bec7390bc643c43aa63b13bf5e64b6075952e716b1aa
  languageName: node
  linkType: hard

"normalize-range@npm:^0.1.2":
  version: 0.1.2
  resolution: "normalize-range@npm:0.1.2"
  checksum: 10c0/bf39b73a63e0a42ad1a48c2bd1bda5a07ede64a7e2567307a407674e595bcff0fa0d57e8e5f1e7fa5e91000797c7615e13613227aaaa4d6d6e87f5bd5cc95de6
  languageName: node
  linkType: hard

"parse-node-version@npm:^1.0.1":
  version: 1.0.1
  resolution: "parse-node-version@npm:1.0.1"
  checksum: 10c0/999cd3d7da1425c2e182dce82b226c6dc842562d3ed79ec47f5c719c32a7f6c1a5352495b894fc25df164be7f2ede4224758255da9902ddef81f2b77ba46bb2c
  languageName: node
  linkType: hard

"picocolors@npm:^1.0.1, picocolors@npm:^1.1.1":
  version: 1.1.1
  resolution: "picocolors@npm:1.1.1"
  checksum: 10c0/e2e3e8170ab9d7c7421969adaa7e1b31434f789afb9b3f115f6b96d91945041ac3ceb02e9ec6fe6510ff036bcc0bf91e69a1772edc0b707e12b19c0f2d6bcf58
  languageName: node
  linkType: hard

"pify@npm:^4.0.1":
  version: 4.0.1
  resolution: "pify@npm:4.0.1"
  checksum: 10c0/6f9d404b0d47a965437403c9b90eca8bb2536407f03de165940e62e72c8c8b75adda5516c6b9b23675a5877cc0bcac6bdfb0ef0e39414cd2476d5495da40e7cf
  languageName: node
  linkType: hard

"postcss-modules-extract-imports@npm:^3.0.0":
  version: 3.1.0
  resolution: "postcss-modules-extract-imports@npm:3.1.0"
  peerDependencies:
    postcss: ^8.1.0
  checksum: 10c0/402084bcab376083c4b1b5111b48ec92974ef86066f366f0b2d5b2ac2b647d561066705ade4db89875a13cb175b33dd6af40d16d32b2ea5eaf8bac63bd2bf219
  languageName: node
  linkType: hard

"postcss-modules-local-by-default@npm:^4.0.0":
  version: 4.2.0
  resolution: "postcss-modules-local-by-default@npm:4.2.0"
  dependencies:
    icss-utils: "npm:^5.0.0"
    postcss-selector-parser: "npm:^7.0.0"
    postcss-value-parser: "npm:^4.1.0"
  peerDependencies:
    postcss: ^8.1.0
  checksum: 10c0/b0b83feb2a4b61f5383979d37f23116c99bc146eba1741ca3cf1acca0e4d0dbf293ac1810a6ab4eccbe1ee76440dd0a9eb2db5b3bba4f99fc1b3ded16baa6358
  languageName: node
  linkType: hard

"postcss-modules-scope@npm:^3.0.0":
  version: 3.2.1
  resolution: "postcss-modules-scope@npm:3.2.1"
  dependencies:
    postcss-selector-parser: "npm:^7.0.0"
  peerDependencies:
    postcss: ^8.1.0
  checksum: 10c0/bd2d81f79e3da0ef6365b8e2c78cc91469d05b58046b4601592cdeef6c4050ed8fe1478ae000a1608042fc7e692cb51fecbd2d9bce3f4eace4d32e883ffca10b
  languageName: node
  linkType: hard

"postcss-modules-values@npm:^4.0.0":
  version: 4.0.0
  resolution: "postcss-modules-values@npm:4.0.0"
  dependencies:
    icss-utils: "npm:^5.0.0"
  peerDependencies:
    postcss: ^8.1.0
  checksum: 10c0/dd18d7631b5619fb9921b198c86847a2a075f32e0c162e0428d2647685e318c487a2566cc8cc669fc2077ef38115cde7a068e321f46fb38be3ad49646b639dbc
  languageName: node
  linkType: hard

"postcss-modules@npm:^4.3.1":
  version: 4.3.1
  resolution: "postcss-modules@npm:4.3.1"
  dependencies:
    generic-names: "npm:^4.0.0"
    icss-replace-symbols: "npm:^1.1.0"
    lodash.camelcase: "npm:^4.3.0"
    postcss-modules-extract-imports: "npm:^3.0.0"
    postcss-modules-local-by-default: "npm:^4.0.0"
    postcss-modules-scope: "npm:^3.0.0"
    postcss-modules-values: "npm:^4.0.0"
    string-hash: "npm:^1.1.1"
  peerDependencies:
    postcss: ^8.0.0
  checksum: 10c0/944e52c67900869c4f5bbdec7c91b31564ce80aa6addb2eea61e11d336d9f84873de17f10782fa0bab9afae491ce24590a83dac6d825fc4eff625cc85bbbca02
  languageName: node
  linkType: hard

"postcss-selector-parser@npm:^7.0.0":
  version: 7.1.0
  resolution: "postcss-selector-parser@npm:7.1.0"
  dependencies:
    cssesc: "npm:^3.0.0"
    util-deprecate: "npm:^1.0.2"
  checksum: 10c0/0fef257cfd1c0fe93c18a3f8a6e739b4438b527054fd77e9a62730a89b2d0ded1b59314a7e4aaa55bc256204f40830fecd2eb50f20f8cb7ab3a10b52aa06c8aa
  languageName: node
  linkType: hard

"postcss-value-parser@npm:^4.1.0, postcss-value-parser@npm:^4.2.0":
  version: 4.2.0
  resolution: "postcss-value-parser@npm:4.2.0"
  checksum: 10c0/f4142a4f56565f77c1831168e04e3effd9ffcc5aebaf0f538eee4b2d465adfd4b85a44257bb48418202a63806a7da7fe9f56c330aebb3cac898e46b4cbf49161
  languageName: node
  linkType: hard

"postcss@npm:^8.4.14, postcss@npm:^8.5.2":
  version: 8.5.2
  resolution: "postcss@npm:8.5.2"
  dependencies:
    nanoid: "npm:^3.3.8"
    picocolors: "npm:^1.1.1"
    source-map-js: "npm:^1.2.1"
  checksum: 10c0/3044d49bc725029ab62292e8bf9849741251b95f3b754e191bf8b4025414d40ec3b4ac05c5a563d4b50060b5c8e96683eb4d783d8d8fa3867eb7b763cbe66127
  languageName: node
  linkType: hard

"prr@npm:~1.0.1":
  version: 1.0.1
  resolution: "prr@npm:1.0.1"
  checksum: 10c0/5b9272c602e4f4472a215e58daff88f802923b84bc39c8860376bb1c0e42aaf18c25d69ad974bd06ec6db6f544b783edecd5502cd3d184748d99080d68e4be5f
  languageName: node
  linkType: hard

"root-workspace-0b6124@workspace:.":
  version: 0.0.0-use.local
  resolution: "root-workspace-0b6124@workspace:."
  dependencies:
    "@hotwired/stimulus": "npm:^3.2.2"
    "@hotwired/turbo-rails": "npm:^8.0.12"
    autoprefixer: "npm:^10.4.20"
    esbuild: "npm:^0.24.2"
    esbuild-plugin-postcss: "npm:^0.2.1"
    postcss: "npm:^8.5.2"
    swiper: "npm:^11.2.1"
    tailwindcss: "npm:^4.0.6"
  languageName: unknown
  linkType: soft

"safer-buffer@npm:>= 2.1.2 < 3.0.0":
  version: 2.1.2
  resolution: "safer-buffer@npm:2.1.2"
  checksum: 10c0/7e3c8b2e88a1841c9671094bbaeebd94448111dd90a81a1f606f3f67708a6ec57763b3b47f06da09fc6054193e0e6709e77325415dc8422b04497a8070fa02d4
  languageName: node
  linkType: hard

"sax@npm:^1.2.4":
  version: 1.4.1
  resolution: "sax@npm:1.4.1"
  checksum: 10c0/6bf86318a254c5d898ede6bd3ded15daf68ae08a5495a2739564eb265cd13bcc64a07ab466fb204f67ce472bb534eb8612dac587435515169593f4fffa11de7c
  languageName: node
  linkType: hard

"semver@npm:^5.6.0":
  version: 5.7.2
  resolution: "semver@npm:5.7.2"
  bin:
    semver: bin/semver
  checksum: 10c0/e4cf10f86f168db772ae95d86ba65b3fd6c5967c94d97c708ccb463b778c2ee53b914cd7167620950fc07faf5a564e6efe903836639e512a1aa15fbc9667fa25
  languageName: node
  linkType: hard

"source-map-js@npm:^1.2.1":
  version: 1.2.1
  resolution: "source-map-js@npm:1.2.1"
  checksum: 10c0/7bda1fc4c197e3c6ff17de1b8b2c20e60af81b63a52cb32ec5a5d67a20a7d42651e2cb34ebe93833c5a2a084377e17455854fee3e21e7925c64a51b6a52b0faf
  languageName: node
  linkType: hard

"source-map@npm:~0.6.0":
  version: 0.6.1
  resolution: "source-map@npm:0.6.1"
  checksum: 10c0/ab55398007c5e5532957cb0beee2368529618ac0ab372d789806f5718123cc4367d57de3904b4e6a4170eb5a0b0f41373066d02ca0735a0c4d75c7d328d3e011
  languageName: node
  linkType: hard

"string-hash@npm:^1.1.1":
  version: 1.1.3
  resolution: "string-hash@npm:1.1.3"
  checksum: 10c0/179725d7706b49fbbc0a4901703a2d8abec244140879afd5a17908497e586a6b07d738f6775450aefd9f8dd729e4a0abd073fbc6fa3bd020b7a1d2369614af88
  languageName: node
  linkType: hard

"swiper@npm:^11.2.1":
  version: 11.2.2
  resolution: "swiper@npm:11.2.2"
  checksum: 10c0/1edb67949c5957877f3c30370e0eb188bbf044f80e482376db97b1923f7f7c07e41f84bb0dacae766c77f01ee6be1b4cab839ec1dd3811adebd7ce36d00571bf
  languageName: node
  linkType: hard

"tailwindcss@npm:^4.0.6":
  version: 4.0.6
  resolution: "tailwindcss@npm:4.0.6"
  checksum: 10c0/e1d40616c2aa69844a065c74d022960efc820d974c86415faec6d485f841c0112776a52d9a150e8f3375c4e04d22b0b4c33c07086c35b9725487b314dc7a7f71
  languageName: node
  linkType: hard

"tslib@npm:^2.3.0":
  version: 2.8.1
  resolution: "tslib@npm:2.8.1"
  checksum: 10c0/9c4759110a19c53f992d9aae23aac5ced636e99887b51b9e61def52611732872ff7668757d4e4c61f19691e36f4da981cd9485e869b4a7408d689f6bf1f14e62
  languageName: node
  linkType: hard

"update-browserslist-db@npm:^1.1.1":
  version: 1.1.2
  resolution: "update-browserslist-db@npm:1.1.2"
  dependencies:
    escalade: "npm:^3.2.0"
    picocolors: "npm:^1.1.1"
  peerDependencies:
    browserslist: ">= 4.21.0"
  bin:
    update-browserslist-db: cli.js
  checksum: 10c0/9cb353998d6d7d6ba1e46b8fa3db888822dd972212da4eda609d185eb5c3557a93fd59780ceb757afd4d84240518df08542736969e6a5d6d6ce2d58e9363aac6
  languageName: node
  linkType: hard

"util-deprecate@npm:^1.0.2":
  version: 1.0.2
  resolution: "util-deprecate@npm:1.0.2"
  checksum: 10c0/41a5bdd214df2f6c3ecf8622745e4a366c4adced864bc3c833739791aeeeb1838119af7daed4ba36428114b5c67dcda034a79c882e97e43c03e66a4dd7389942
  languageName: node
  linkType: hard
